
Microsoft Visual Studio Solution File, Format Version 12.00
# Visual Studio Version 16
VisualStudioVersion = 16.0.30717.126
MinimumVisualStudioVersion = 10.0.40219.1
Project("{FAE04EC0-301F-11D3-BF4B-00C04F79EFBC}") = "xblah-modding-tool", "xblah-modding-tool\xblah-modding-tool.csproj", "{C18AF47A-90C6-4BA5-9D57-A7322B9699BA}"
EndProject
Project("{FAE04EC0-301F-11D3-BF4B-00C04F79EFBC}") = "xblah-modding-lib", "xblah-modding-lib\xblah-modding-lib.csproj", "{E9EAD908-DFC2-45CC-B326-FCC2CAFE7F79}"
EndProject
Project("{2150E333-8FDC-42A3-9474-1A3956D46DE8}") = "Mod Launchers", "Mod Launchers", "{3D1FECD3-743B-434E-A93C-0FFA98EFE014}"
EndProject
Project("{FAE04EC0-301F-11D3-BF4B-00C04F79EFBC}") = "sourcemod", "Mod Launchers\sourcemod\sourcemod.csproj", "{6313A8C2-D144-46B2-846B-92EF67DD2860}"
EndProject
Project("{FAE04EC0-301F-11D3-BF4B-00C04F79EFBC}") = "hlmod", "Mod Launchers\hlmod\hlmod.csproj", "{2753291D-ABFE-4881-B2AC-DFB6B5794812}"
EndProject
Global
	GlobalSection(SolutionConfigurationPlatforms) = preSolution
		Debug|Any CPU = Debug|Any CPU
		Release|Any CPU = Release|Any CPU
	EndGlobalSection
	GlobalSection(ProjectConfigurationPlatforms) = postSolution
		{C18AF47A-90C6-4BA5-9D57-A7322B9699BA}.Debug|Any CPU.ActiveCfg = Debug|Any CPU
		{C18AF47A-90C6-4BA5-9D57-A7322B9699BA}.Debug|Any CPU.Build.0 = Debug|Any CPU
		{C18AF47A-90C6-4BA5-9D57-A7322B9699BA}.Release|Any CPU.ActiveCfg = Release|Any CPU
		{C18AF47A-90C6-4BA5-9D57-A7322B9699BA}.Release|Any CPU.Build.0 = Release|Any CPU
		{E9EAD908-DFC2-45CC-B326-FCC2CAFE7F79}.Debug|Any CPU.ActiveCfg = Debug|Any CPU
		{E9EAD908-DFC2-45CC-B326-FCC2CAFE7F79}.Debug|Any CPU.Build.0 = Debug|Any CPU
		{E9EAD908-DFC2-45CC-B326-FCC2CAFE7F79}.Release|Any CPU.ActiveCfg = Release|Any CPU
		{E9EAD908-DFC2-45CC-B326-FCC2CAFE7F79}.Release|Any CPU.Build.0 = Release|Any CPU
		{6313A8C2-D144-46B2-846B-92EF67DD2860}.Debug|Any CPU.ActiveCfg = Debug|Any CPU
		{6313A8C2-D144-46B2-846B-92EF67DD2860}.Debug|Any CPU.Build.0 = Debug|Any CPU
		{6313A8C2-D144-46B2-846B-92EF67DD2860}.Release|Any CPU.ActiveCfg = Release|Any CPU
		{6313A8C2-D144-46B2-846B-92EF67DD2860}.Release|Any CPU.Build.0 = Release|Any CPU
		{2753291D-ABFE-4881-B2AC-DFB6B5794812}.Debug|Any CPU.ActiveCfg = Debug|Any CPU
		{2753291D-ABFE-4881-B2AC-DFB6B5794812}.Debug|Any CPU.Build.0 = Debug|Any CPU
		{2753291D-ABFE-4881-B2AC-DFB6B5794812}.Release|Any CPU.ActiveCfg = Release|Any CPU
		{2753291D-ABFE-4881-B2AC-DFB6B5794812}.Release|Any CPU.Build.0 = Release|Any CPU
	EndGlobalSection
	GlobalSection(SolutionProperties) = preSolution
		HideSolutionNode = FALSE
	EndGlobalSection
	GlobalSection(NestedProjects) = preSolution
		{6313A8C2-D144-46B2-846B-92EF67DD2860} = {3D1FECD3-743B-434E-A93C-0FFA98EFE014}
		{2753291D-ABFE-4881-B2AC-DFB6B5794812} = {3D1FECD3-743B-434E-A93C-0FFA98EFE014}
	EndGlobalSection
	GlobalSection(ExtensibilityGlobals) = postSolution
		SolutionGuid = {8404557C-7B98-41E3-9DA1-4A92E4CED60D}
	EndGlobalSection
EndGlobal
